Microsoft Visual Studio Solution File, Format Version 12.00
# Visual Studio Version 17
VisualStudioVersion = 17.5.2.0
MinimumVisualStudioVersion = 10.0.40219.1
Project("{FAE04EC0-301F-11D3-BF4B-00C04F79EFBC}") = "MauiHeatMap", "MauiHeatMap.csproj", "{6FCD270B-BE5C-5C1D-15AA-F3E3247C3F20}"
EndProject
Global
	GlobalSection(SolutionConfigurationPlatforms) = preSolution
		Debug|Any CPU = Debug|Any CPU
		Release|Any CPU = Release|Any CPU
	EndGlobalSection
	GlobalSection(ProjectConfigurationPlatforms) = postSolution
		{6FCD270B-BE5C-5C1D-15AA-F3E3247C3F20}.Debug|Any CPU.ActiveCfg = Debug|Any CPU
		{6FCD270B-BE5C-5C1D-15AA-F3E3247C3F20}.Debug|Any CPU.Build.0 = Debug|Any CPU
		{6FCD270B-BE5C-5C1D-15AA-F3E3247C3F20}.Release|Any CPU.ActiveCfg = Release|Any CPU
		{6FCD270B-BE5C-5C1D-15AA-F3E3247C3F20}.Release|Any CPU.Build.0 = Release|Any CPU
	EndGlobalSection
	GlobalSection(SolutionProperties) = preSolution
		HideSolutionNode = FALSE
	EndGlobalSection
	GlobalSection(ExtensibilityGlobals) = postSolution
		SolutionGuid = {4F1DCAA1-1783-4813-B491-A697FBC29AD1}
	EndGlobalSection
EndGlobal
